Microsoft Visual Studio Solution File, Format Version 12.00
# Visual Studio Version 17
VisualStudioVersion = 17.5.2.0
MinimumVisualStudioVersion = 10.0.40219.1
Project("{FAE04EC0-301F-11D3-BF4B-00C04F79EFBC}") = "P1WEBMVC", "P1WEBMVC.csproj", "{60B30EC5-1B11-5288-769A-9F5CDAFF73D9}"
EndProject
Global
	GlobalSection(SolutionConfigurationPlatforms) = preSolution
		Debug|Any CPU = Debug|Any CPU
		Release|Any CPU = Release|Any CPU
	EndGlobalSection
	GlobalSection(ProjectConfigurationPlatforms) = postSolution
		{60B30EC5-1B11-5288-769A-9F5CDAFF73D9}.Debug|Any CPU.ActiveCfg = Debug|Any CPU
		{60B30EC5-1B11-5288-769A-9F5CDAFF73D9}.Debug|Any CPU.Build.0 = Debug|Any CPU
		{60B30EC5-1B11-5288-769A-9F5CDAFF73D9}.Release|Any CPU.ActiveCfg = Release|Any CPU
		{60B30EC5-1B11-5288-769A-9F5CDAFF73D9}.Release|Any CPU.Build.0 = Release|Any CPU
	EndGlobalSection
	GlobalSection(SolutionProperties) = preSolution
		HideSolutionNode = FALSE
	EndGlobalSection
	GlobalSection(ExtensibilityGlobals) = postSolution
		SolutionGuid = {4204045C-6DB1-4D7B-B5F5-8008FC821C5D}
	EndGlobalSection
EndGlobal
